
Microsoft Visual Studio Solution File, Format Version 12.00
# Visual Studio Version 17
VisualStudioVersion = 17.5.33424.131
MinimumVisualStudioVersion = 10.0.40219.1
Project("{9A19103F-16F7-4668-BE54-9A1E7A4F7556}") = "snake", "snake\snake.csproj", "{314121FF-8B31-4B3F-BC9F-3548DD83E239}"
EndProject
Global
	GlobalSection(SolutionConfigurationPlatforms) = preSolution
		Debug|Any CPU = Debug|Any CPU
		Release|Any CPU = Release|Any CPU
	EndGlobalSection
	GlobalSection(ProjectConfigurationPlatforms) = postSolution
		{314121FF-8B31-4B3F-BC9F-3548DD83E239}.Debug|Any CPU.ActiveCfg = Debug|Any CPU
		{314121FF-8B31-4B3F-BC9F-3548DD83E239}.Debug|Any CPU.Build.0 = Debug|Any CPU
		{314121FF-8B31-4B3F-BC9F-3548DD83E239}.Release|Any CPU.ActiveCfg = Release|Any CPU
		{314121FF-8B31-4B3F-BC9F-3548DD83E239}.Release|Any CPU.Build.0 = Release|Any CPU
	EndGlobalSection
	GlobalSection(SolutionProperties) = preSolution
		HideSolutionNode = FALSE
	EndGlobalSection
	GlobalSection(ExtensibilityGlobals) = postSolution
		SolutionGuid = {344711E8-F57A-4958-ACEC-30F3B3E82162}
	EndGlobalSection
EndGlobal
